{
    "requires": true,
    "lockfileVersion": 1,
    "dependencies": {
        "@babel/runtime": {
            "version": "7.22.15",
            "resolved": "https://registry.npmjs.org/@babel/runtime/-/runtime-7.22.15.tgz",
            "integrity": "sha512-T0O+aa+4w0u06iNmapipJXMV4HoUir03hpx3/YqXXhu9xim3w+dVphjFWl1OH8NbZHw5Lbm9k45drDkgq2VNNA==",
            "requires": {
                "regenerator-runtime": "^0.14.0"
            }
        },
        "@ckeditor/ckeditor5-clipboard": {
            "version": "39.0.2",
            "resolved": "https://registry.npmjs.org/@ckeditor/ckeditor5-clipboard/-/ckeditor5-clipboard-39.0.2.tgz",
            "integrity": "sha512-SSuanBiQ4lWznXSGyeV5vqQweVWZ1+iZG1/atmrZSb/BOWa3XD6EGPu9tuzdm9MCjk2OxBuyMT07Cw+WzXFosQ==",
            "requires": {
                "@ckeditor/ckeditor5-core": "39.0.2",
                "@ckeditor/ckeditor5-engine": "39.0.2",
                "@ckeditor/ckeditor5-ui": "39.0.2",
                "@ckeditor/ckeditor5-utils": "39.0.2",
                "@ckeditor/ckeditor5-widget": "39.0.2",
                "lodash-es": "4.17.21"
            }
        },
        "@ckeditor/ckeditor5-collaboration-core": {
            "version": "39.0.2",
            "resolved": "https://registry.npmjs.org/@ckeditor/ckeditor5-collaboration-core/-/ckeditor5-collaboration-core-39.0.2.tgz",
            "integrity": "sha512-5JwulcEBEyd9fuK2GkIRxAH8xYIVdsHnl5be2NU5hUbgsPx6P0ZHjQF8svrBUwEajXCDS7Re1gVlKdaM/x7WGQ==",
            "requires": {
                "ckeditor5": "39.0.2",
                "date-fns": "2.30.0"
            }
        },
        "@ckeditor/ckeditor5-core": {
            "version": "39.0.2",
            "resolved": "https://registry.npmjs.org/@ckeditor/ckeditor5-core/-/ckeditor5-core-39.0.2.tgz",
            "integrity": "sha512-/xtor5vIXgwBVsAj+yO/wyzezQUmXabdkb/T8aSXtO2665zeOVbDbtSsJ1Ov7Tz5A4Ia1pA9d7iDCt7E8Kva7A==",
            "requires": {
                "@ckeditor/ckeditor5-engine": "39.0.2",
                "@ckeditor/ckeditor5-utils": "39.0.2",
                "lodash-es": "4.17.21"
            }
        },
        "@ckeditor/ckeditor5-engine": {
            "version": "39.0.2",
            "resolved": "https://registry.npmjs.org/@ckeditor/ckeditor5-engine/-/ckeditor5-engine-39.0.2.tgz",
            "integrity": "sha512-ERcEpIrmTML0/uhukkC+ZJSOx4mRaPbNG5vPEBXIentfDpzu1NrmUhGZRGXaw5lltL+NJbuTI0wjEINap0Hl3w==",
            "requires": {
                "@ckeditor/ckeditor5-utils": "39.0.2",
                "lodash-es": "4.17.21"
            }
        },
        "@ckeditor/ckeditor5-enter": {
            "version": "39.0.2",
            "resolved": "https://registry.npmjs.org/@ckeditor/ckeditor5-enter/-/ckeditor5-enter-39.0.2.tgz",
            "integrity": "sha512-7yeZI/mzJH4/yryXFQemrueZA/UNGkfnauN8Mu6XFMykoRNo6l+cASz0x4iGb3pWumV3g+tUeX6AJmuwXkRb5A==",
            "requires": {
                "@ckeditor/ckeditor5-core": "39.0.2",
                "@ckeditor/ckeditor5-engine": "39.0.2",
                "@ckeditor/ckeditor5-utils": "39.0.2"
            }
        },
        "@ckeditor/ckeditor5-paragraph": {
            "version": "39.0.2",
            "resolved": "https://registry.npmjs.org/@ckeditor/ckeditor5-paragraph/-/ckeditor5-paragraph-39.0.2.tgz",
            "integrity": "sha512-is0+G3ghz+6EwoNT5ciySiPt05FI0I/lxPksSDl4QG9BcGUwkN94fJalCxgXuMlGulojm/YZ3dCmJPnLMrAnUA==",
            "requires": {
                "@ckeditor/ckeditor5-core": "39.0.2",
                "@ckeditor/ckeditor5-ui": "39.0.2",
                "@ckeditor/ckeditor5-utils": "39.0.2"
            }
        },
        "@ckeditor/ckeditor5-select-all": {
            "version": "39.0.2",
            "resolved": "https://registry.npmjs.org/@ckeditor/ckeditor5-select-all/-/ckeditor5-select-all-39.0.2.tgz",
            "integrity": "sha512-/zTPZ14sfsL6E7LHcdOSW5JR7A5tsaSO2KNlQ/jm77XWSeQ7HZ4I7hoLXWksvcseubQ+xExWrzMQIjIOGqBLcQ==",
            "requires": {
                "@ckeditor/ckeditor5-core": "39.0.2",
                "@ckeditor/ckeditor5-ui": "39.0.2",
                "@ckeditor/ckeditor5-utils": "39.0.2"
            }
        },
        "@ckeditor/ckeditor5-track-changes": {
            "version": "39.0.2",
            "resolved": "https://registry.npmjs.org/@ckeditor/ckeditor5-track-changes/-/ckeditor5-track-changes-39.0.2.tgz",
            "integrity": "sha512-ypZFrWJC96j6a8kBrAJsb6rqMqwrtZD4De8l9e3z3ayD+/yiCbOvZ9p/MqtqIPJ+EajVksDJDBa2GVw7MRqPzA==",
            "requires": {
                "ckeditor5": "39.0.2",
                "ckeditor5-collaboration": "39.0.2",
                "lodash-es": "4.17.21"
            }
        },
        "@ckeditor/ckeditor5-typing": {
            "version": "39.0.2",
            "resolved": "https://registry.npmjs.org/@ckeditor/ckeditor5-typing/-/ckeditor5-typing-39.0.2.tgz",
            "integrity": "sha512-ylkBumukIRe/8jQTanVYNcExvoraXX9TIX3POwiug2F+c/POKjoHgeq8+Wf/JEl7/ydtXZKT5tROqOe9haSteA==",
            "requires": {
                "@ckeditor/ckeditor5-core": "39.0.2",
                "@ckeditor/ckeditor5-engine": "39.0.2",
                "@ckeditor/ckeditor5-utils": "39.0.2",
                "lodash-es": "4.17.21"
            }
        },
        "@ckeditor/ckeditor5-ui": {
            "version": "39.0.2",
            "resolved": "https://registry.npmjs.org/@ckeditor/ckeditor5-ui/-/ckeditor5-ui-39.0.2.tgz",
            "integrity": "sha512-OHYasdPXG1Vy1tR5hcGeffeqg6ujWzCEbRczuU+0sC3ttYkxrnFk6qYe7gjA+BoqD61otk1au+rhCVux8dy0hQ==",
            "requires": {
                "@ckeditor/ckeditor5-core": "39.0.2",
                "@ckeditor/ckeditor5-utils": "39.0.2",
                "color-convert": "2.0.1",
                "color-parse": "1.4.2",
                "lodash-es": "4.17.21",
                "vanilla-colorful": "0.7.2"
            }
        },
        "@ckeditor/ckeditor5-undo": {
            "version": "39.0.2",
            "resolved": "https://registry.npmjs.org/@ckeditor/ckeditor5-undo/-/ckeditor5-undo-39.0.2.tgz",
            "integrity": "sha512-DSy7rRtnpVPpzZYOoQJNZ/6Zx4LEk3WVf8VG8wJDgpuxbRrE59DsNwVEqGEvDyVGlgzbuWZrfkkcL4hjcoYHCw==",
            "requires": {
                "@ckeditor/ckeditor5-core": "39.0.2",
                "@ckeditor/ckeditor5-engine": "39.0.2",
                "@ckeditor/ckeditor5-ui": "39.0.2"
            }
        },
        "@ckeditor/ckeditor5-upload": {
            "version": "39.0.2",
            "resolved": "https://registry.npmjs.org/@ckeditor/ckeditor5-upload/-/ckeditor5-upload-39.0.2.tgz",
            "integrity": "sha512-6LLU9lJDlnE4RT1GBzK1V6gsIv/+4NiWVojblzET9AlyMI4BRTn3/PPxZRWyPPKH96AeuIWoyj32D/a24yQujg==",
            "requires": {
                "@ckeditor/ckeditor5-core": "39.0.2",
                "@ckeditor/ckeditor5-ui": "39.0.2",
                "@ckeditor/ckeditor5-utils": "39.0.2"
            }
        },
        "@ckeditor/ckeditor5-utils": {
            "version": "39.0.2",
            "resolved": "https://registry.npmjs.org/@ckeditor/ckeditor5-utils/-/ckeditor5-utils-39.0.2.tgz",
            "integrity": "sha512-aqiGhPJxEihSLW21lGWcAvjVTTwJYxEbfMk1eLf/BEY3euy6iltRC6EqbXkyJDcKGU7cQtk6JXAIkH+D2FF87g==",
            "requires": {
                "lodash-es": "4.17.21"
            }
        },
        "@ckeditor/ckeditor5-watchdog": {
            "version": "39.0.2",
            "resolved": "https://registry.npmjs.org/@ckeditor/ckeditor5-watchdog/-/ckeditor5-watchdog-39.0.2.tgz",
            "integrity": "sha512-9E7BNp9c+nj/01JWF4lBVcDwJI2lN/Vgerw+ex4l/nTRl7crLzckSy3DWhYlpQPjJzsrkFjGQ+zCG4C/Vevl3Q==",
            "requires": {
                "lodash-es": "4.17.21"
            }
        },
        "@ckeditor/ckeditor5-widget": {
            "version": "39.0.2",
            "resolved": "https://registry.npmjs.org/@ckeditor/ckeditor5-widget/-/ckeditor5-widget-39.0.2.tgz",
            "integrity": "sha512-bGs8iKD3c+r3/JCqhXoh/MPJut0JcdUdxDSgS+xYu1UJ03b/K39/0QbdVjT1I6oNRSDb4IUwBO2Xc3zTMl/qTw==",
            "requires": {
                "@ckeditor/ckeditor5-core": "39.0.2",
                "@ckeditor/ckeditor5-engine": "39.0.2",
                "@ckeditor/ckeditor5-enter": "39.0.2",
                "@ckeditor/ckeditor5-typing": "39.0.2",
                "@ckeditor/ckeditor5-ui": "39.0.2",
                "@ckeditor/ckeditor5-utils": "39.0.2",
                "lodash-es": "4.17.21"
            }
        },
        "ckeditor5": {
            "version": "39.0.2",
            "resolved": "https://registry.npmjs.org/ckeditor5/-/ckeditor5-39.0.2.tgz",
            "integrity": "sha512-7wuhb5LYeAZ9PaEZlNNAOnfDLWozt3+tOdc1St7AYR4PO1UW/5crWHvs+6jejxB56Zk6LUaHUS6ECecdapihmA==",
            "requires": {
                "@ckeditor/ckeditor5-clipboard": "39.0.2",
                "@ckeditor/ckeditor5-core": "39.0.2",
                "@ckeditor/ckeditor5-engine": "39.0.2",
                "@ckeditor/ckeditor5-enter": "39.0.2",
                "@ckeditor/ckeditor5-paragraph": "39.0.2",
                "@ckeditor/ckeditor5-select-all": "39.0.2",
                "@ckeditor/ckeditor5-typing": "39.0.2",
                "@ckeditor/ckeditor5-ui": "39.0.2",
                "@ckeditor/ckeditor5-undo": "39.0.2",
                "@ckeditor/ckeditor5-upload": "39.0.2",
                "@ckeditor/ckeditor5-utils": "39.0.2",
                "@ckeditor/ckeditor5-watchdog": "39.0.2",
                "@ckeditor/ckeditor5-widget": "39.0.2"
            }
        },
        "ckeditor5-collaboration": {
            "version": "39.0.2",
            "resolved": "https://registry.npmjs.org/ckeditor5-collaboration/-/ckeditor5-collaboration-39.0.2.tgz",
            "integrity": "sha512-AL91bQRep5x/J5i07cvUuYBblX6v31ezri6k8mcxd10YXM5ZhldAyVHeMre05Va7IETYh7yvA6iYLFGkyTBpHA==",
            "requires": {
                "@ckeditor/ckeditor5-collaboration-core": "39.0.2"
            }
        },
        "color-convert": {
            "version": "2.0.1",
            "resolved": "https://registry.npmjs.org/color-convert/-/color-convert-2.0.1.tgz",
            "integrity": "sha512-RRECPsj7iu/xb5oKYcsFHSppFNnsj/52OVTRKb4zP5onXwVF3zVmmToNcOfGC+CRDpfK/U584fMg38ZHCaElKQ==",
            "requires": {
                "color-name": "~1.1.4"
            }
        },
        "color-name": {
            "version": "1.1.4",
            "resolved": "https://registry.npmjs.org/color-name/-/color-name-1.1.4.tgz",
            "integrity": "sha512-dOy+3AuW3a2wNbZHIuMZpTcgjGuLU/uBL/ubcZF9OXbDo8ff4O8yVp5Bf0efS8uEoYo5q4Fx7dY9OgQGXgAsQA=="
        },
        "color-parse": {
            "version": "1.4.2",
            "resolved": "https://registry.npmjs.org/color-parse/-/color-parse-1.4.2.tgz",
            "integrity": "sha512-RI7s49/8yqDj3fECFZjUI1Yi0z/Gq1py43oNJivAIIDSyJiOZLfYCRQEgn8HEVAj++PcRe8AnL2XF0fRJ3BTnA==",
            "requires": {
                "color-name": "^1.0.0"
            }
        },
        "date-fns": {
            "version": "2.30.0",
            "resolved": "https://registry.npmjs.org/date-fns/-/date-fns-2.30.0.tgz",
            "integrity": "sha512-fnULvOpxnC5/Vg3NCiWelDsLiUc9bRwAPs/+LfTLNvetFCtCTN+yQz15C/fs4AwX1R9K5GLtLfn8QW+dWisaAw==",
            "requires": {
                "@babel/runtime": "^7.21.0"
            }
        },
        "lodash-es": {
            "version": "4.17.21",
            "resolved": "https://registry.npmjs.org/lodash-es/-/lodash-es-4.17.21.tgz",
            "integrity": "sha512-mKnC+QJ9pWVzv+C4/U3rRsHapFfHvQFoFB92e52xeyGMcX6/OlIl78je1u8vePzYZSkkogMPJ2yjxxsb89cxyw=="
        },
        "regenerator-runtime": {
            "version": "0.14.0",
            "resolved": "https://registry.npmjs.org/regenerator-runtime/-/regenerator-runtime-0.14.0.tgz",
            "integrity": "sha512-srw17NI0TUWHuGa5CFGGmhfNIeja30WMBfbslPNhf6JrqQlLN5gcrvig1oqPxiVaXb0oW0XRKtH6Nngs5lKCIA=="
        },
        "vanilla-colorful": {
            "version": "0.7.2",
            "resolved": "https://registry.npmjs.org/vanilla-colorful/-/vanilla-colorful-0.7.2.tgz",
            "integrity": "sha512-z2YZusTFC6KnLERx1cgoIRX2CjPRP0W75N+3CC6gbvdX5Ch47rZkEMGO2Xnf+IEmi3RiFLxS18gayMA27iU7Kg=="
        }
    }
}
